
Microsoft Visual Studio Solution File, Format Version 12.00
# Visual Studio Version 16
VisualStudioVersion = 16.0.30011.22
MinimumVisualStudioVersion = 10.0.40219.1
Project("{FAE04EC0-301F-11D3-BF4B-00C04F79EFBC}") = "GameProject", "GameProhect\GameProject.csproj", "{2B89D56B-B39E-4AF8-B747-3F905943BF71}"
EndProject
Global
	GlobalSection(SolutionConfigurationPlatforms) = preSolution
		Debug|Any CPU = Debug|Any CPU
		Release|Any CPU = Release|Any CPU
	EndGlobalSection
	GlobalSection(ProjectConfigurationPlatforms) = postSolution
		{2B89D56B-B39E-4AF8-B747-3F905943BF71}.Debug|Any CPU.ActiveCfg = Debug|Any CPU
		{2B89D56B-B39E-4AF8-B747-3F905943BF71}.Debug|Any CPU.Build.0 = Debug|Any CPU
		{2B89D56B-B39E-4AF8-B747-3F905943BF71}.Release|Any CPU.ActiveCfg = Release|Any CPU
		{2B89D56B-B39E-4AF8-B747-3F905943BF71}.Release|Any CPU.Build.0 = Release|Any CPU
	EndGlobalSection
	GlobalSection(SolutionProperties) = preSolution
		HideSolutionNode = FALSE
	EndGlobalSection
	GlobalSection(ExtensibilityGlobals) = postSolution
		SolutionGuid = {1515CFDD-448C-49D0-A2B1-DE5ED20731C4}
	EndGlobalSection
EndGlobal
